
Microsoft Visual Studio Solution File, Format Version 12.00
# Visual Studio 14
VisualStudioVersion = 14.0.25123.0
MinimumVisualStudioVersion = 10.0.40219.1
Project("{81797CF3-EE1E-43BA-995F-D5B769EE0A6F}") = "Sitecore.Support.315905", "Sitecore.Support.315905\Sitecore.Support.315905.csproj", "{E2A73793-2ED0-47EE-98E5-5082FD56F202}"
EndProject
Global
	GlobalSection(SolutionConfigurationPlatforms) = preSolution
		Debug|Any CPU = Debug|Any CPU
		Release|Any CPU = Release|Any CPU
	EndGlobalSection
	GlobalSection(ProjectConfigurationPlatforms) = postSolution
		{E2A73793-2ED0-47EE-98E5-5082FD56F202}.Debug|Any CPU.ActiveCfg = Debug|Any CPU
		{E2A73793-2ED0-47EE-98E5-5082FD56F202}.Debug|Any CPU.Build.0 = Debug|Any CPU
		{E2A73793-2ED0-47EE-98E5-5082FD56F202}.Release|Any CPU.ActiveCfg = Release|Any CPU
		{E2A73793-2ED0-47EE-98E5-5082FD56F202}.Release|Any CPU.Build.0 = Release|Any CPU
	EndGlobalSection
	GlobalSection(SolutionProperties) = preSolution
		HideSolutionNode = FALSE
	EndGlobalSection
EndGlobal
